
Microsoft Visual Studio Solution File, Format Version 12.00
# Visual Studio Version 16
VisualStudioVersion = 16.0.810.25
MinimumVisualStudioVersion = 10.0.40219.1
Project("{FAE04EC0-301F-11D3-BF4B-00C04F79EFBC}") = "ArregloTridimencional", "ArregloTridimencional\ArregloTridimencional.csproj", "{83D2A379-7FFB-4EBD-9E67-BE8FD9756FC8}"
EndProject
Global
	GlobalSection(SolutionConfigurationPlatforms) = preSolution
		Debug|anycpu = Debug|anycpu
		Release|anycpu = Release|anycpu
	EndGlobalSection
	GlobalSection(ProjectConfigurationPlatforms) = postSolution
		{83D2A379-7FFB-4EBD-9E67-BE8FD9756FC8}.Debug|anycpu.ActiveCfg = Debug|anycpu
		{83D2A379-7FFB-4EBD-9E67-BE8FD9756FC8}.Debug|anycpu.Build.0 = Debug|anycpu
		{83D2A379-7FFB-4EBD-9E67-BE8FD9756FC8}.Release|anycpu.ActiveCfg = Release|anycpu
		{83D2A379-7FFB-4EBD-9E67-BE8FD9756FC8}.Release|anycpu.Build.0 = Release|anycpu
	EndGlobalSection
	GlobalSection(SolutionProperties) = preSolution
		HideSolutionNode = FALSE
	EndGlobalSection
	GlobalSection(ExtensibilityGlobals) = postSolution
		SolutionGuid = {BCF1CEC8-BF8B-4EF6-9CFC-BED9305B87F0}
	EndGlobalSection
EndGlobal
